
Microsoft Visual Studio Solution File, Format Version 12.00
# Visual Studio Version 17
VisualStudioVersion = 17.5.002.0
MinimumVisualStudioVersion = 10.0.40219.1
Project("{9A19103F-16F7-4668-BE54-9A1E7A4F7556}") = "Starter", "Starter\Starter.csproj", "{95182542-078D-437A-A173-19C4BCB8FBF0}"
EndProject
Global
	GlobalSection(SolutionConfigurationPlatforms) = preSolution
		Debug|Any CPU = Debug|Any CPU
		Release|Any CPU = Release|Any CPU
	EndGlobalSection
	GlobalSection(ProjectConfigurationPlatforms) = postSolution
		{FCFA3C3A-4AA7-4159-8276-6D00E212FCED}.Debug|Any CPU.ActiveCfg = Debug|Any CPU
		{FCFA3C3A-4AA7-4159-8276-6D00E212FCED}.Debug|Any CPU.Build.0 = Debug|Any CPU
		{FCFA3C3A-4AA7-4159-8276-6D00E212FCED}.Release|Any CPU.ActiveCfg = Release|Any CPU
		{FCFA3C3A-4AA7-4159-8276-6D00E212FCED}.Release|Any CPU.Build.0 = Release|Any CPU
		{95182542-078D-437A-A173-19C4BCB8FBF0}.Debug|Any CPU.ActiveCfg = Debug|Any CPU
		{95182542-078D-437A-A173-19C4BCB8FBF0}.Debug|Any CPU.Build.0 = Debug|Any CPU
		{95182542-078D-437A-A173-19C4BCB8FBF0}.Release|Any CPU.ActiveCfg = Release|Any CPU
		{95182542-078D-437A-A173-19C4BCB8FBF0}.Release|Any CPU.Build.0 = Release|Any CPU
	EndGlobalSection
	GlobalSection(SolutionProperties) = preSolution
		HideSolutionNode = FALSE
	EndGlobalSection
	GlobalSection(ExtensibilityGlobals) = postSolution
		SolutionGuid = {D425B757-D203-4C91-8B46-BBDEC41B2301}
	EndGlobalSection
EndGlobal
