
Microsoft Visual Studio Solution File, Format Version 12.00
# Visual Studio Version 17
VisualStudioVersion = 17.5.002.0
MinimumVisualStudioVersion = 10.0.40219.1
Project("{9A19103F-16F7-4668-BE54-9A1E7A4F7556}") = "Starter", "Starter.csproj", "{7501089D-AFB8-4740-8F50-A5303114386F}"
EndProject
Global
	GlobalSection(SolutionConfigurationPlatforms) = preSolution
		Debug|Any CPU = Debug|Any CPU
		Release|Any CPU = Release|Any CPU
	EndGlobalSection
	GlobalSection(ProjectConfigurationPlatforms) = postSolution
		{7501089D-AFB8-4740-8F50-A5303114386F}.Debug|Any CPU.ActiveCfg = Debug|Any CPU
		{7501089D-AFB8-4740-8F50-A5303114386F}.Debug|Any CPU.Build.0 = Debug|Any CPU
		{7501089D-AFB8-4740-8F50-A5303114386F}.Release|Any CPU.ActiveCfg = Release|Any CPU
		{7501089D-AFB8-4740-8F50-A5303114386F}.Release|Any CPU.Build.0 = Release|Any CPU
	EndGlobalSection
	GlobalSection(SolutionProperties) = preSolution
		HideSolutionNode = FALSE
	EndGlobalSection
	GlobalSection(ExtensibilityGlobals) = postSolution
		SolutionGuid = {1E2014B3-CE12-470A-9D40-889E54149170}
	EndGlobalSection
EndGlobal
